{
  "name": "yeeyi_uper",
  "version": "1.0.0",
  "lockfileVersion": 2,
  "requires": true,
  "packages": {
    "": {
      "version": "1.0.0",
      "license": "ISC",
      "dependencies": {
        "@types/node": "^16.7.5",
        "axios": "^0.21.2",
        "colors": "^1.4.0",
        "https-proxy-agent": "^5.0.0",
        "nodemailer": "^6.6.5"
      }
    },
    "node_modules/@types/node": {
      "version": "16.7.5",
      "resolved": "https://registry.npmjs.org/@types/node/-/node-16.7.5.tgz",
      "integrity": "sha512-E7SpxDXoHEpmZ9C1gSqwadhE6zPRtf3g0gJy9Y51DsImnR5TcDs3QEiV/3Q7zOM8LWaZp5Gph71NK6ElVMG1IQ=="
    },
    "node_modules/agent-base": {
      "version": "6.0.2",
      "resolved": "https://registry.npmjs.org/agent-base/-/agent-base-6.0.2.tgz",
      "integrity": "sha512-RZNwNclF7+MS/8bDg70amg32dyeZGZxiDuQmZxKLAlQjr3jGyLx+4Kkk58UO7D2QdgFIQCovuSuZESne6RG6XQ==",
      "dependencies": {
        "debug": "4"
      },
      "engines": {
        "node": ">= 6.0.0"
      }
    },
    "node_modules/axios": {
      "version": "0.21.2",
      "resolved": "https://registry.npmjs.org/axios/-/axios-0.21.2.tgz",
      "integrity": "sha512-87otirqUw3e8CzHTMO+/9kh/FSgXt/eVDvipijwDtEuwbkySWZ9SBm6VEubmJ/kLKEoLQV/POhxXFb66bfekfg==",
      "dependencies": {
        "follow-redirects": "^1.14.0"
      }
    },
    "node_modules/colors": {
      "version": "1.4.0",
      "resolved": "https://registry.npmjs.org/colors/-/colors-1.4.0.tgz",
      "integrity": "sha512-a+UqTh4kgZg/SlGvfbzDHpgRu7AAQOmmqRHJnxhRZICKFUT91brVhNNt58CMWU9PsBbv3PDCZUHbVxuDiH2mtA==",
      "engines": {
        "node": ">=0.1.90"
      }
    },
    "node_modules/debug": {
      "version": "4.3.2",
      "resolved": "https://registry.npmjs.org/debug/-/debug-4.3.2.tgz",
      "integrity": "sha512-mOp8wKcvj7XxC78zLgw/ZA+6TSgkoE2C/ienthhRD298T7UNwAg9diBpLRxC0mOezLl4B0xV7M0cCO6P/O0Xhw==",
      "dependencies": {
        "ms": "2.1.2"
      },
      "engines": {
        "node": ">=6.0"
      },
      "peerDependenciesMeta": {
        "supports-color": {
          "optional": true
        }
      }
    },
    "node_modules/follow-redirects": {
      "version": "1.14.8",
      "resolved": "https://registry.npmjs.org/follow-redirects/-/follow-redirects-1.14.8.tgz",
      "integrity": "sha512-1x0S9UVJHsQprFcEC/qnNzBLcIxsjAV905f/UkQxbclCsoTWlacCNOpQa/anodLl2uaEKFhfWOvM2Qg77+15zA==",
      "funding": [
        {
          "type": "individual",
          "url": "https://github.com/sponsors/RubenVerborgh"
        }
      ],
      "engines": {
        "node": ">=4.0"
      },
      "peerDependenciesMeta": {
        "debug": {
          "optional": true
        }
      }
    },
    "node_modules/https-proxy-agent": {
      "version": "5.0.0",
      "resolved": "https://registry.npmjs.org/https-proxy-agent/-/https-proxy-agent-5.0.0.tgz",
      "integrity": "sha512-EkYm5BcKUGiduxzSt3Eppko+PiNWNEpa4ySk9vTC6wDsQJW9rHSa+UhGNJoRYp7bz6Ht1eaRIa6QaJqO5rCFbA==",
      "dependencies": {
        "agent-base": "6",
        "debug": "4"
      },
      "engines": {
        "node": ">= 6"
      }
    },
    "node_modules/ms": {
      "version": "2.1.2",
      "resolved": "https://registry.npmjs.org/ms/-/ms-2.1.2.tgz",
      "integrity": "sha512-sGkPx+VjMtmA6MX27oA4FBFELFCZZ4S4XqeGOXCv68tT+jb3vk/RyaKWP0PTKyWtmLSM0b+adUTEvbs1PEaH2w=="
    },
    "node_modules/nodemailer": {
      "version": "6.6.5",
      "resolved": "https://registry.npmjs.org/nodemailer/-/nodemailer-6.6.5.tgz",
      "integrity": "sha512-C/v856DBijUzHcHIgGpQoTrfsH3suKIRAGliIzCstatM2cAa+MYX3LuyCrABiO/cdJTxgBBHXxV1ztiqUwst5A==",
      "engines": {
        "node": ">=6.0.0"
      }
    }
  },
  "dependencies": {
    "@types/node": {
      "version": "16.7.5",
      "resolved": "https://registry.npmjs.org/@types/node/-/node-16.7.5.tgz",
      "integrity": "sha512-E7SpxDXoHEpmZ9C1gSqwadhE6zPRtf3g0gJy9Y51DsImnR5TcDs3QEiV/3Q7zOM8LWaZp5Gph71NK6ElVMG1IQ=="
    },
    "agent-base": {
      "version": "6.0.2",
      "resolved": "https://registry.npmjs.org/agent-base/-/agent-base-6.0.2.tgz",
      "integrity": "sha512-RZNwNclF7+MS/8bDg70amg32dyeZGZxiDuQmZxKLAlQjr3jGyLx+4Kkk58UO7D2QdgFIQCovuSuZESne6RG6XQ==",
      "requires": {
        "debug": "4"
      }
    },
    "axios": {
      "version": "0.21.2",
      "resolved": "https://registry.npmjs.org/axios/-/axios-0.21.2.tgz",
      "integrity": "sha512-87otirqUw3e8CzHTMO+/9kh/FSgXt/eVDvipijwDtEuwbkySWZ9SBm6VEubmJ/kLKEoLQV/POhxXFb66bfekfg==",
      "requires": {
        "follow-redirects": "^1.14.0"
      }
    },
    "colors": {
      "version": "1.4.0",
      "resolved": "https://registry.npmjs.org/colors/-/colors-1.4.0.tgz",
      "integrity": "sha512-a+UqTh4kgZg/SlGvfbzDHpgRu7AAQOmmqRHJnxhRZICKFUT91brVhNNt58CMWU9PsBbv3PDCZUHbVxuDiH2mtA=="
    },
    "debug": {
      "version": "4.3.2",
      "resolved": "https://registry.npmjs.org/debug/-/debug-4.3.2.tgz",
      "integrity": "sha512-mOp8wKcvj7XxC78zLgw/ZA+6TSgkoE2C/ienthhRD298T7UNwAg9diBpLRxC0mOezLl4B0xV7M0cCO6P/O0Xhw==",
      "requires": {
        "ms": "2.1.2"
      }
    },
    "follow-redirects": {
      "version": "1.14.8",
      "resolved": "https://registry.npmjs.org/follow-redirects/-/follow-redirects-1.14.8.tgz",
      "integrity": "sha512-1x0S9UVJHsQprFcEC/qnNzBLcIxsjAV905f/UkQxbclCsoTWlacCNOpQa/anodLl2uaEKFhfWOvM2Qg77+15zA=="
    },
    "https-proxy-agent": {
      "version": "5.0.0",
      "resolved": "https://registry.npmjs.org/https-proxy-agent/-/https-proxy-agent-5.0.0.tgz",
      "integrity": "sha512-EkYm5BcKUGiduxzSt3Eppko+PiNWNEpa4ySk9vTC6wDsQJW9rHSa+UhGNJoRYp7bz6Ht1eaRIa6QaJqO5rCFbA==",
      "requires": {
        "agent-base": "6",
        "debug": "4"
      }
    },
    "ms": {
      "version": "2.1.2",
      "resolved": "https://registry.npmjs.org/ms/-/ms-2.1.2.tgz",
      "integrity": "sha512-sGkPx+VjMtmA6MX27oA4FBFELFCZZ4S4XqeGOXCv68tT+jb3vk/RyaKWP0PTKyWtmLSM0b+adUTEvbs1PEaH2w=="
    },
    "nodemailer": {
      "version": "6.6.5",
      "resolved": "https://registry.npmjs.org/nodemailer/-/nodemailer-6.6.5.tgz",
      "integrity": "sha512-C/v856DBijUzHcHIgGpQoTrfsH3suKIRAGliIzCstatM2cAa+MYX3LuyCrABiO/cdJTxgBBHXxV1ztiqUwst5A=="
    }
  }
}
